proto_outdir = "./.vendor"

[[dependencies]]
  target = "github.com/envoyproxy/protoc-gen-validate"
  revision = "1bcea29601b5624234a19b3d7f0ebd9e9984f583"
  branch = "master"
  path = ""
  ignores = ["./java", "./tests"]

[[dependencies]]
  target = "github.com/googleapis/api-common-protos"
  revision = "0fcae75a2c20a140137e3a9c48a87d15ceffabd7"
  branch = "master"
  path = ""
