proto_outdir = "./.vendor"

[[dependencies]]
  target = "github.com/envoyproxy/protoc-gen-validate"
  revision = "872b28c457822ed9c2a5405da3c33f386ac0e86f"
  branch = "master"
  path = ""
  ignores = ["./java", "./tests"]

[[dependencies]]
  target = "github.com/googleapis/api-common-protos"
  revision = "0fcae75a2c20a140137e3a9c48a87d15ceffabd7"
  branch = "master"
  path = ""
