proto_outdir = "./.vendor"

[[dependencies]]
  target = "github.com/envoyproxy/protoc-gen-validate"
  revision = "5f20e660418deff82a3faf68095dca16ba5ad44e"
  branch = "master"
  path = ""
  ignores = ["./java", "./tests"]

[[dependencies]]
  target = "github.com/googleapis/api-common-protos"
  revision = "0fcae75a2c20a140137e3a9c48a87d15ceffabd7"
  branch = "master"
  path = ""
